<?xml version="1.0" encoding="UTF-8" standalone="yes" ?>
<CodeBlocks_project_file>
	<FileVersion major="1" minor="6" />
	<Project>
		<Option title="Canvas C++" />
		<Option pch_mode="2" />
		<Option compiler="gcc" />
		<Build>
			<Target title="Debug">
				<Option output="../__bin/Debug/canvas" prefix_auto="1" extension_auto="1" />
				<Option working_dir="../" />
				<Option object_output="../__obj/Debug/" />
				<Option type="1" />
				<Option compiler="gcc" />
				<Compiler>
					<Add option="-std=c++11" />
					<Add option="-g" />
					<Add directory="include" />
				</Compiler>
			</Target>
			<Target title="Release">
				<Option output="../__bin/Release/canvas" prefix_auto="1" extension_auto="1" />
				<Option working_dir="../" />
				<Option object_output="../__obj/Release/" />
				<Option type="1" />
				<Option compiler="gcc" />
				<Compiler>
					<Add option="-std=c++11" />
					<Add option="-O2 -Wall" />
					<Add directory="include" />
				</Compiler>
				<Linker>
					<Add option="-s" />
				</Linker>
			</Target>
		</Build>
		<Compiler>
			<Add option="-Wall" />
			<Add option="-fexceptions" />
		</Compiler>
		<Linker>
			<Add library="../lib/libglu32.a" />
			<Add library="../lib/libopengl32.a" />
			<Add library="../lib/freeglut.lib" />
		</Linker>
		<Unit filename="include/GL/glut.h" />
		<Unit filename="src/Components/ClockHUD/ClockHUD.cpp" />
		<Unit filename="src/Components/ClockHUD/ClockHUD.h" />
		<Unit filename="src/Components/Curves/Curves.cpp" />
		<Unit filename="src/Components/Curves/Curves.hpp" />
		<Unit filename="src/Components/Cyclist/Cyclist.cpp" />
		<Unit filename="src/Components/Cyclist/Cyclist.hpp" />
		<Unit filename="src/Components/Cyclist/Pedal.cpp" />
		<Unit filename="src/Components/Cyclist/Pedal.hpp" />
		<Unit filename="src/Components/Cyclist/Wheel.cpp" />
		<Unit filename="src/Components/Cyclist/Wheel.hpp" />
		<Unit filename="src/Components/Parallax/Parallax.cpp" />
		<Unit filename="src/Components/Parallax/Parallax.hpp" />
		<Unit filename="src/Components/Speedometer/Speedometer.cpp" />
		<Unit filename="src/Components/Speedometer/Speedometer.hpp" />
		<Unit filename="src/Modules/gl_canvas2d.cpp" />
		<Unit filename="src/Modules/gl_canvas2d.h" />
		<Unit filename="src/Utils/MyMatrix.cpp" />
		<Unit filename="src/Utils/MyMatrix.hpp" />
		<Unit filename="src/Utils/Position.cpp" />
		<Unit filename="src/Utils/Position.hpp" />
		<Unit filename="src/Utils/Utils.cpp" />
		<Unit filename="src/Utils/Utils.h" />
		<Unit filename="src/Utils/Vector2.h" />
		<Unit filename="src/main.cpp" />
		<Extensions>
			<code_completion />
			<debugger />
			<envvars />
		</Extensions>
	</Project>
</CodeBlocks_project_file>
